
Microsoft Visual Studio Solution File, Format Version 12.00
# Visual Studio Version 16
VisualStudioVersion = 16.0.28803.202
MinimumVisualStudioVersion = 10.0.40219.1
Project("{FAE04EC0-301F-11D3-BF4B-00C04F79EFBC}") = "IDS4Demo", "IDS4Demo\IDS4Demo.csproj", "{FDC464A1-EC58-4A72-89CC-A4DC36A1AB51}"
EndProject
Project("{FAE04EC0-301F-11D3-BF4B-00C04F79EFBC}") = "IDS4Demo.Client", "IDS4Demo.Client\IDS4Demo.Client.csproj", "{705E8FCA-9087-4A6D-828B-418F4CDD2AEB}"
EndProject
Project("{FAE04EC0-301F-11D3-BF4B-00C04F79EFBC}") = "IDS4Demo.API", "IDS4Demo.API\IDS4Demo.API.csproj", "{6B026397-426A-49F0-86FB-B60E22D198FD}"
EndProject
Global
	GlobalSection(SolutionConfigurationPlatforms) = preSolution
		Debug|Any CPU = Debug|Any CPU
		Release|Any CPU = Release|Any CPU
	EndGlobalSection
	GlobalSection(ProjectConfigurationPlatforms) = postSolution
		{FDC464A1-EC58-4A72-89CC-A4DC36A1AB51}.Debug|Any CPU.ActiveCfg = Debug|Any CPU
		{FDC464A1-EC58-4A72-89CC-A4DC36A1AB51}.Debug|Any CPU.Build.0 = Debug|Any CPU
		{FDC464A1-EC58-4A72-89CC-A4DC36A1AB51}.Release|Any CPU.ActiveCfg = Release|Any CPU
		{FDC464A1-EC58-4A72-89CC-A4DC36A1AB51}.Release|Any CPU.Build.0 = Release|Any CPU
		{705E8FCA-9087-4A6D-828B-418F4CDD2AEB}.Debug|Any CPU.ActiveCfg = Debug|Any CPU
		{705E8FCA-9087-4A6D-828B-418F4CDD2AEB}.Debug|Any CPU.Build.0 = Debug|Any CPU
		{705E8FCA-9087-4A6D-828B-418F4CDD2AEB}.Release|Any CPU.ActiveCfg = Release|Any CPU
		{705E8FCA-9087-4A6D-828B-418F4CDD2AEB}.Release|Any CPU.Build.0 = Release|Any CPU
		{6B026397-426A-49F0-86FB-B60E22D198FD}.Debug|Any CPU.ActiveCfg = Debug|Any CPU
		{6B026397-426A-49F0-86FB-B60E22D198FD}.Debug|Any CPU.Build.0 = Debug|Any CPU
		{6B026397-426A-49F0-86FB-B60E22D198FD}.Release|Any CPU.ActiveCfg = Release|Any CPU
		{6B026397-426A-49F0-86FB-B60E22D198FD}.Release|Any CPU.Build.0 = Release|Any CPU
	EndGlobalSection
	GlobalSection(SolutionProperties) = preSolution
		HideSolutionNode = FALSE
	EndGlobalSection
	GlobalSection(ExtensibilityGlobals) = postSolution
		SolutionGuid = {D4408C79-C91D-4542-AAFE-6A76B44C21D9}
	EndGlobalSection
EndGlobal
